{
  "name": "@fiducia/e2e",
  "version": "0.1.0",
  "lockfileVersion": 3,
  "requires": true,
  "packages": {
    "": {
      "name": "@fiducia/e2e",
      "version": "0.1.0",
      "devDependencies": {
        "@fiducia/test-config": "file:../fiducia-test-config"
      },
      "engines": {
        "node": ">=22"
      }
    },
    "../fiducia-test-config": {
      "name": "@fiducia/test-config",
      "version": "0.1.0",
      "dev": true
    },
    "node_modules/@fiducia/test-config": {
      "resolved": "../fiducia-test-config",
      "link": true
    }
  }
}
